
Microsoft Visual Studio Solution File, Format Version 12.00
# Visual Studio 2012
Project("{FAE04EC0-301F-11D3-BF4B-00C04F79EFBC}") = "ASWF", "ASWF\ASWF.csproj", "{6072D61F-973F-4F18-824E-E8DAA81ED81E}"
EndProject
Project("{FAE04EC0-301F-11D3-BF4B-00C04F79EFBC}") = "ASDataContext", "ASDataContext\ASDataContext.csproj", "{E1C1872B-8E60-4543-B01D-11E930973FC4}"
EndProject
Project("{FAE04EC0-301F-11D3-BF4B-00C04F79EFBC}") = "ASWeb", "ASWeb\ASWeb.csproj", "{0D76497A-3447-4BA2-ABEA-075A8B676355}"
EndProject
Global
	GlobalSection(SolutionConfigurationPlatforms) = preSolution
		Debug|Any CPU = Debug|Any CPU
		Release|Any CPU = Release|Any CPU
	EndGlobalSection
	GlobalSection(ProjectConfigurationPlatforms) = postSolution
		{6072D61F-973F-4F18-824E-E8DAA81ED81E}.Debug|Any CPU.ActiveCfg = Debug|Any CPU
		{6072D61F-973F-4F18-824E-E8DAA81ED81E}.Debug|Any CPU.Build.0 = Debug|Any CPU
		{6072D61F-973F-4F18-824E-E8DAA81ED81E}.Release|Any CPU.ActiveCfg = Release|Any CPU
		{6072D61F-973F-4F18-824E-E8DAA81ED81E}.Release|Any CPU.Build.0 = Release|Any CPU
		{E1C1872B-8E60-4543-B01D-11E930973FC4}.Debug|Any CPU.ActiveCfg = Debug|Any CPU
		{E1C1872B-8E60-4543-B01D-11E930973FC4}.Debug|Any CPU.Build.0 = Debug|Any CPU
		{E1C1872B-8E60-4543-B01D-11E930973FC4}.Release|Any CPU.ActiveCfg = Release|Any CPU
		{E1C1872B-8E60-4543-B01D-11E930973FC4}.Release|Any CPU.Build.0 = Release|Any CPU
		{0D76497A-3447-4BA2-ABEA-075A8B676355}.Debug|Any CPU.ActiveCfg = Debug|Any CPU
		{0D76497A-3447-4BA2-ABEA-075A8B676355}.Debug|Any CPU.Build.0 = Debug|Any CPU
		{0D76497A-3447-4BA2-ABEA-075A8B676355}.Release|Any CPU.ActiveCfg = Release|Any CPU
		{0D76497A-3447-4BA2-ABEA-075A8B676355}.Release|Any CPU.Build.0 = Release|Any CPU
	EndGlobalSection
	GlobalSection(SolutionProperties) = preSolution
		HideSolutionNode = FALSE
	EndGlobalSection
EndGlobal
